
Microsoft Visual Studio Solution File, Format Version 12.00
# Visual Studio Version 16
VisualStudioVersion = 16.0.29324.140
MinimumVisualStudioVersion = 10.0.40219.1
Project("{9A19103F-16F7-4668-BE54-9A1E7A4F7556}") = "ERMWebAPI", "ERMWebAPI.csproj", "{C48CFFF6-880F-4A22-8658-E3E8070BB415}"
EndProject
Project("{9A19103F-16F7-4668-BE54-9A1E7A4F7556}") = "ERMTest", "..\ERMTest\ERMTest.csproj", "{108B7F91-6640-40E5-8432-3C3AA1E7D1E0}"
EndProject
Project("{2150E333-8FDC-42A3-9474-1A3956D46DE8}") = "Solution Items", "Solution Items", "{A5E29B74-F5AD-44BB-8752-AC393C7F719B}"
	ProjectSection(SolutionItems) = preProject
		..\.gitignore = ..\.gitignore
	EndProjectSection
EndProject
Global
	GlobalSection(SolutionConfigurationPlatforms) = preSolution
		Debug|Any CPU = Debug|Any CPU
		Release|Any CPU = Release|Any CPU
	EndGlobalSection
	GlobalSection(ProjectConfigurationPlatforms) = postSolution
		{C48CFFF6-880F-4A22-8658-E3E8070BB415}.Debug|Any CPU.ActiveCfg = Debug|Any CPU
		{C48CFFF6-880F-4A22-8658-E3E8070BB415}.Debug|Any CPU.Build.0 = Debug|Any CPU
		{C48CFFF6-880F-4A22-8658-E3E8070BB415}.Release|Any CPU.ActiveCfg = Release|Any CPU
		{C48CFFF6-880F-4A22-8658-E3E8070BB415}.Release|Any CPU.Build.0 = Release|Any CPU
		{108B7F91-6640-40E5-8432-3C3AA1E7D1E0}.Debug|Any CPU.ActiveCfg = Debug|Any CPU
		{108B7F91-6640-40E5-8432-3C3AA1E7D1E0}.Debug|Any CPU.Build.0 = Debug|Any CPU
		{108B7F91-6640-40E5-8432-3C3AA1E7D1E0}.Release|Any CPU.ActiveCfg = Release|Any CPU
		{108B7F91-6640-40E5-8432-3C3AA1E7D1E0}.Release|Any CPU.Build.0 = Release|Any CPU
	EndGlobalSection
	GlobalSection(SolutionProperties) = preSolution
		HideSolutionNode = FALSE
	EndGlobalSection
	GlobalSection(ExtensibilityGlobals) = postSolution
		SolutionGuid = {F6104EC6-7F28-4EF9-BA4A-78CA0BC75CC7}
	EndGlobalSection
EndGlobal
